// !$*UTF8*$!
{
	archiveVersion = 1;
	classes = {
	};
	objectVersion = 55;
	objects = {

/* Begin PBXBuildFile section */
		517DD8192924405E0054B51B /* AppDelegate.swift in Sources */ = {isa = PBXBuildFile; fileRef = 517DD8182924405E0054B51B /* AppDelegate.swift */; };
		517DD81B2924405E0054B51B /* SceneDelegate.swift in Sources */ = {isa = PBXBuildFile; fileRef = 517DD81A2924405E0054B51B /* SceneDelegate.swift */; };
		517DD81D2924405E0054B51B /* ViewController.swift in Sources */ = {isa = PBXBuildFile; fileRef = 517DD81C2924405E0054B51B /* ViewController.swift */; };
		517DD8202924405E0054B51B /* Main.storyboard in Resources */ = {isa = PBXBuildFile; fileRef = 517DD81E2924405E0054B51B /* Main.storyboard */; };
		517DD8222924406B0054B51B /* Assets.xcassets in Resources */ = {isa = PBXBuildFile; fileRef = 517DD8212924406B0054B51B /* Assets.xcassets */; };
		517DD8252924406B0054B51B /* LaunchScreen.storyboard in Resources */ = {isa = PBXBuildFile; fileRef = 517DD8232924406B0054B51B /* LaunchScreen.storyboard */; };
		517DD82D2924482F0054B51B /* GoogleService-Info.plist in Resources */ = {isa = PBXBuildFile; fileRef = 517DD82C2924482F0054B51B /* GoogleService-Info.plist */; };
		517DD83429244D370054B51B /* UserProvider.swift in Sources */ = {isa = PBXBuildFile; fileRef = 517DD83329244D370054B51B /* UserProvider.swift */; };
		517DD83729244DA80054B51B /* UserModel.swift in Sources */ = {isa = PBXBuildFile; fileRef = 517DD83629244DA80054B51B /* UserModel.swift */; };
		517DD83A292450B70054B51B /* Constants.swift in Sources */ = {isa = PBXBuildFile; fileRef = 517DD839292450B70054B51B /* Constants.swift */; };
		517DD83C292453C80054B51B /* UserBusiness.swift in Sources */ = {isa = PBXBuildFile; fileRef = 517DD83B292453C80054B51B /* UserBusiness.swift */; };
		517DD83E292595C10054B51B /* UserManager.swift in Sources */ = {isa = PBXBuildFile; fileRef = 517DD83D292595C10054B51B /* UserManager.swift */; };
		9E15CF8A79E4AE4823C2C3DE /* Pods_SwiftArquiteturas.framework in Frameworks */ = {isa = PBXBuildFile; fileRef = EE30FB217199AD10F4DF4D8A /* Pods_SwiftArquiteturas.framework */; };
/* End PBXBuildFile section */

/* Begin PBXFileReference section */
		12979C9CAFE7474E6A7442C0 /* Pods-SwiftArquiteturas.release.xcconfig */ = {isa = PBXFileReference; includeInIndex = 1; lastKnownFileType = text.xcconfig; name = "Pods-SwiftArquiteturas.release.xcconfig"; path = "Target Support Files/Pods-SwiftArquiteturas/Pods-SwiftArquiteturas.release.xcconfig"; sourceTree = "<group>"; };
		517DD8152924405E0054B51B /* SwiftArquiteturas.app */ = {isa = PBXFileReference; explicitFileType = wrapper.application; includeInIndex = 0; path = SwiftArquiteturas.app; sourceTree = BUILT_PRODUCTS_DIR; };
		517DD8182924405E0054B51B /* AppDelegate.swift */ = {isa = PBXFileReference; lastKnownFileType = sourcecode.swift; path = AppDelegate.swift; sourceTree = "<group>"; };
		517DD81A2924405E0054B51B /* SceneDelegate.swift */ = {isa = PBXFileReference; lastKnownFileType = sourcecode.swift; path = SceneDelegate.swift; sourceTree = "<group>"; };
		517DD81C2924405E0054B51B /* ViewController.swift */ = {isa = PBXFileReference; lastKnownFileType = sourcecode.swift; path = ViewController.swift; sourceTree = "<group>"; };
		517DD81F2924405E0054B51B /* Base */ = {isa = PBXFileReference; lastKnownFileType = file.storyboard; name = Base; path = Base.lproj/Main.storyboard; sourceTree = "<group>"; };
		517DD8212924406B0054B51B /* Assets.xcassets */ = {isa = PBXFileReference; lastKnownFileType = folder.assetcatalog; path = Assets.xcassets; sourceTree = "<group>"; };
		517DD8242924406B0054B51B /* Base */ = {isa = PBXFileReference; lastKnownFileType = file.storyboard; name = Base; path = Base.lproj/LaunchScreen.storyboard; sourceTree = "<group>"; };
		517DD8262924406B0054B51B /* Info.plist */ = {isa = PBXFileReference; lastKnownFileType = text.plist.xml; path = Info.plist; sourceTree = "<group>"; };
		517DD82C2924482F0054B51B /* GoogleService-Info.plist */ = {isa = PBXFileReference; fileEncoding = 4; lastKnownFileType = text.plist.xml; path = "GoogleService-Info.plist"; sourceTree = "<group>"; };
		517DD83329244D370054B51B /* UserProvider.swift */ = {isa = PBXFileReference; lastKnownFileType = sourcecode.swift; path = UserProvider.swift; sourceTree = "<group>"; };
		517DD83629244DA80054B51B /* UserModel.swift */ = {isa = PBXFileReference; lastKnownFileType = sourcecode.swift; path = UserModel.swift; sourceTree = "<group>"; };
		517DD839292450B70054B51B /* Constants.swift */ = {isa = PBXFileReference; lastKnownFileType = sourcecode.swift; path = Constants.swift; sourceTree = "<group>"; };
		517DD83B292453C80054B51B /* UserBusiness.swift */ = {isa = PBXFileReference; lastKnownFileType = sourcecode.swift; path = UserBusiness.swift; sourceTree = "<group>"; };
		517DD83D292595C10054B51B /* UserManager.swift */ = {isa = PBXFileReference; lastKnownFileType = sourcecode.swift; path = UserManager.swift; sourceTree = "<group>"; };
		5E8CEBC09C81DDB3511EE8A8 /* Pods-SwiftArquiteturas.debug.xcconfig */ = {isa = PBXFileReference; includeInIndex = 1; lastKnownFileType = text.xcconfig; name = "Pods-SwiftArquiteturas.debug.xcconfig"; path = "Target Support Files/Pods-SwiftArquiteturas/Pods-SwiftArquiteturas.debug.xcconfig"; sourceTree = "<group>"; };
		EE30FB217199AD10F4DF4D8A /* Pods_SwiftArquiteturas.framework */ = {isa = PBXFileReference; explicitFileType = wrapper.framework; includeInIndex = 0; path = Pods_SwiftArquiteturas.framework; sourceTree = BUILT_PRODUCTS_DIR; };
/* End PBXFileReference section */

/* Begin PBXFrameworksBuildPhase section */
		517DD8122924405E0054B51B /* Frameworks */ = {
			isa = PBXFrameworksBuildPhase;
			buildActionMask = 2147483647;
			files = (
				9E15CF8A79E4AE4823C2C3DE /* Pods_SwiftArquiteturas.framework in Frameworks */,
			);
			runOnlyForDeploymentPostprocessing = 0;
		};
/* End PBXFrameworksBuildPhase section */

/* Begin PBXGroup section */
		517DD80C2924405E0054B51B = {
			isa = PBXGroup;
			children = (
				517DD8172924405E0054B51B /* SwiftArquiteturas */,
				517DD8162924405E0054B51B /* Products */,
				94702AFA7766E34CCF18B721 /* Pods */,
				7E2262CB135A515300B097A3 /* Frameworks */,
			);
			sourceTree = "<group>";
		};
		517DD8162924405E0054B51B /* Products */ = {
			isa = PBXGroup;
			children = (
				517DD8152924405E0054B51B /* SwiftArquiteturas.app */,
			);
			name = Products;
			sourceTree = "<group>";
		};
		517DD8172924405E0054B51B /* SwiftArquiteturas */ = {
			isa = PBXGroup;
			children = (
				517DD838292450890054B51B /* Infra */,
				517DD83229244A1D0054B51B /* Source */,
				517DD82E292449DB0054B51B /* API */,
				517DD8262924406B0054B51B /* Info.plist */,
				517DD82C2924482F0054B51B /* GoogleService-Info.plist */,
			);
			path = SwiftArquiteturas;
			sourceTree = "<group>";
		};
		517DD82E292449DB0054B51B /* API */ = {
			isa = PBXGroup;
			children = (
				517DD83529244D950054B51B /* Model */,
				517DD83129244A080054B51B /* Provider */,
				517DD830292449FD0054B51B /* Manager */,
				517DD82F292449EB0054B51B /* Business */,
			);
			path = API;
			sourceTree = "<group>";
		};
		517DD82F292449EB0054B51B /* Business */ = {
			isa = PBXGroup;
			children = (
				517DD83B292453C80054B51B /* UserBusiness.swift */,
			);
			path = Business;
			sourceTree = "<group>";
		};
		517DD830292449FD0054B51B /* Manager */ = {
			isa = PBXGroup;
			children = (
				517DD83D292595C10054B51B /* UserManager.swift */,
			);
			path = Manager;
			sourceTree = "<group>";
		};
		517DD83129244A080054B51B /* Provider */ = {
			isa = PBXGroup;
			children = (
				517DD83329244D370054B51B /* UserProvider.swift */,
			);
			path = Provider;
			sourceTree = "<group>";
		};
		517DD83229244A1D0054B51B /* Source */ = {
			isa = PBXGroup;
			children = (
				517DD8182924405E0054B51B /* AppDelegate.swift */,
				517DD81A2924405E0054B51B /* SceneDelegate.swift */,
				517DD81C2924405E0054B51B /* ViewController.swift */,
				517DD81E2924405E0054B51B /* Main.storyboard */,
				517DD8212924406B0054B51B /* Assets.xcassets */,
				517DD8232924406B0054B51B /* LaunchScreen.storyboard */,
			);
			path = Source;
			sourceTree = "<group>";
		};
		517DD83529244D950054B51B /* Model */ = {
			isa = PBXGroup;
			children = (
				517DD83629244DA80054B51B /* UserModel.swift */,
			);
			path = Model;
			sourceTree = "<group>";
		};
		517DD838292450890054B51B /* Infra */ = {
			isa = PBXGroup;
			children = (
				517DD839292450B70054B51B /* Constants.swift */,
			);
			path = Infra;
			sourceTree = "<group>";
		};
		7E2262CB135A515300B097A3 /* Frameworks */ = {
			isa = PBXGroup;
			children = (
				EE30FB217199AD10F4DF4D8A /* Pods_SwiftArquiteturas.framework */,
			);
			name = Frameworks;
			sourceTree = "<group>";
		};
		94702AFA7766E34CCF18B721 /* Pods */ = {
			isa = PBXGroup;
			children = (
				5E8CEBC09C81DDB3511EE8A8 /* Pods-SwiftArquiteturas.debug.xcconfig */,
				12979C9CAFE7474E6A7442C0 /* Pods-SwiftArquiteturas.release.xcconfig */,
			);
			path = Pods;
			sourceTree = "<group>";
		};
/* End PBXGroup section */

/* Begin PBXNativeTarget section */
		517DD8142924405E0054B51B /* SwiftArquiteturas */ = {
			isa = PBXNativeTarget;
			buildConfigurationList = 517DD8292924406B0054B51B /* Build configuration list for PBXNativeTarget "SwiftArquiteturas" */;
			buildPhases = (
				C888B0588357AC7ECC507446 /* [CP] Check Pods Manifest.lock */,
				517DD8112924405E0054B51B /* Sources */,
				517DD8122924405E0054B51B /* Frameworks */,
				517DD8132924405E0054B51B /* Resources */,
				922ADE0C55602DF8AA746E84 /* [CP] Embed Pods Frameworks */,
			);
			buildRules = (
			);
			dependencies = (
			);
			name = SwiftArquiteturas;
			productName = SwiftArquiteturas;
			productReference = 517DD8152924405E0054B51B /* SwiftArquiteturas.app */;
			productType = "com.apple.product-type.application";
		};
/* End PBXNativeTarget section */

/* Begin PBXProject section */
		517DD80D2924405E0054B51B /* Project object */ = {
			isa = PBXProject;
			attributes = {
				BuildIndependentTargetsInParallel = 1;
				LastSwiftUpdateCheck = 1340;
				LastUpgradeCheck = 1340;
				TargetAttributes = {
					517DD8142924405E0054B51B = {
						CreatedOnToolsVersion = 13.4.1;
					};
				};
			};
			buildConfigurationList = 517DD8102924405E0054B51B /* Build configuration list for PBXProject "SwiftArquiteturas" */;
			compatibilityVersion = "Xcode 13.0";
			developmentRegion = en;
			hasScannedForEncodings = 0;
			knownRegions = (
				en,
				Base,
			);
			mainGroup = 517DD80C2924405E0054B51B;
			productRefGroup = 517DD8162924405E0054B51B /* Products */;
			projectDirPath = "";
			projectRoot = "";
			targets = (
				517DD8142924405E0054B51B /* SwiftArquiteturas */,
			);
		};
/* End PBXProject section */

/* Begin PBXResourcesBuildPhase section */
		517DD8132924405E0054B51B /* Resources */ = {
			isa = PBXResourcesBuildPhase;
			buildActionMask = 2147483647;
			files = (
				517DD8252924406B0054B51B /* LaunchScreen.storyboard in Resources */,
				517DD82D2924482F0054B51B /* GoogleService-Info.plist in Resources */,
				517DD8222924406B0054B51B /* Assets.xcassets in Resources */,
				517DD8202924405E0054B51B /* Main.storyboard in Resources */,
			);
			runOnlyForDeploymentPostprocessing = 0;
		};
/* End PBXResourcesBuildPhase section */

/* Begin PBXShellScriptBuildPhase section */
		922ADE0C55602DF8AA746E84 /* [CP] Embed Pods Frameworks */ = {
			isa = PBXShellScriptBuildPhase;
			buildActionMask = 2147483647;
			files = (
			);
			inputFileListPaths = (
				"${PODS_ROOT}/Target Support Files/Pods-SwiftArquiteturas/Pods-SwiftArquiteturas-frameworks-${CONFIGURATION}-input-files.xcfilelist",
			);
			name = "[CP] Embed Pods Frameworks";
			outputFileListPaths = (
				"${PODS_ROOT}/Target Support Files/Pods-SwiftArquiteturas/Pods-SwiftArquiteturas-frameworks-${CONFIGURATION}-output-files.xcfilelist",
			);
			runOnlyForDeploymentPostprocessing = 0;
			shellPath = /bin/sh;
			shellScript = "\"${PODS_ROOT}/Target Support Files/Pods-SwiftArquiteturas/Pods-SwiftArquiteturas-frameworks.sh\"\n";
			showEnvVarsInLog = 0;
		};
		C888B0588357AC7ECC507446 /* [CP] Check Pods Manifest.lock */ = {
			isa = PBXShellScriptBuildPhase;
			buildActionMask = 2147483647;
			files = (
			);
			inputFileListPaths = (
			);
			inputPaths = (
				"${PODS_PODFILE_DIR_PATH}/Podfile.lock",
				"${PODS_ROOT}/Manifest.lock",
			);
			name = "[CP] Check Pods Manifest.lock";
			outputFileListPaths = (
			);
			outputPaths = (
				"$(DERIVED_FILE_DIR)/Pods-SwiftArquiteturas-checkManifestLockResult.txt",
			);
			runOnlyForDeploymentPostprocessing = 0;
			shellPath = /bin/sh;
			shellScript = "diff \"${PODS_PODFILE_DIR_PATH}/Podfile.lock\" \"${PODS_ROOT}/Manifest.lock\" > /dev/null\nif [ $? != 0 ] ; then\n    # print error to STDERR\n    echo \"error: The sandbox is not in sync with the Podfile.lock. Run 'pod install' or update your CocoaPods installation.\" >&2\n    exit 1\nfi\n# This output is used by Xcode 'outputs' to avoid re-running this script phase.\necho \"SUCCESS\" > \"${SCRIPT_OUTPUT_FILE_0}\"\n";
			showEnvVarsInLog = 0;
		};
/* End PBXShellScriptBuildPhase section */

/* Begin PBXSourcesBuildPhase section */
		517DD8112924405E0054B51B /* Sources */ = {
			isa = PBXSourcesBuildPhase;
			buildActionMask = 2147483647;
			files = (
				517DD81D2924405E0054B51B /* ViewController.swift in Sources */,
				517DD8192924405E0054B51B /* AppDelegate.swift in Sources */,
				517DD81B2924405E0054B51B /* SceneDelegate.swift in Sources */,
				517DD83729244DA80054B51B /* UserModel.swift in Sources */,
				517DD83429244D370054B51B /* UserProvider.swift in Sources */,
				517DD83A292450B70054B51B /* Constants.swift in Sources */,
				517DD83E292595C10054B51B /* UserManager.swift in Sources */,
				517DD83C292453C80054B51B /* UserBusiness.swift in Sources */,
			);
			runOnlyForDeploymentPostprocessing = 0;
		};
/* End PBXSourcesBuildPhase section */

/* Begin PBXVariantGroup section */
		517DD81E2924405E0054B51B /* Main.storyboard */ = {
			isa = PBXVariantGroup;
			children = (
				517DD81F2924405E0054B51B /* Base */,
			);
			name = Main.storyboard;
			sourceTree = "<group>";
		};
		517DD8232924406B0054B51B /* LaunchScreen.storyboard */ = {
			isa = PBXVariantGroup;
			children = (
				517DD8242924406B0054B51B /* Base */,
			);
			name = LaunchScreen.storyboard;
			sourceTree = "<group>";
		};
/* End PBXVariantGroup section */

/* Begin XCBuildConfiguration section */
		517DD8272924406B0054B51B /* Debug */ = {
			isa = XCBuildConfiguration;
			buildSettings = {
				ALWAYS_SEARCH_USER_PATHS = NO;
				CLANG_ANALYZER_NONNULL = YES;
				CLANG_ANALYZER_NUMBER_OBJECT_CONVERSION = YES_AGGRESSIVE;
				CLANG_CXX_LANGUAGE_STANDARD = "gnu++17";
				CLANG_ENABLE_MODULES = YES;
				CLANG_ENABLE_OBJC_ARC = YES;
				CLANG_ENABLE_OBJC_WEAK = YES;
				CLANG_WARN_BLOCK_CAPTURE_AUTORELEASING = YES;
				CLANG_WARN_BOOL_CONVERSION = YES;
				CLANG_WARN_COMMA = YES;
				CLANG_WARN_CONSTANT_CONVERSION = YES;
				CLANG_WARN_DEPRECATED_OBJC_IMPLEMENTATIONS = YES;
				CLANG_WARN_DIRECT_OBJC_ISA_USAGE = YES_ERROR;
				CLANG_WARN_DOCUMENTATION_COMMENTS = YES;
				CLANG_WARN_EMPTY_BODY = YES;
				CLANG_WARN_ENUM_CONVERSION = YES;
				CLANG_WARN_INFINITE_RECURSION = YES;
				CLANG_WARN_INT_CONVERSION = YES;
				CLANG_WARN_NON_LITERAL_NULL_CONVERSION = YES;
				CLANG_WARN_OBJC_IMPLICIT_RETAIN_SELF = YES;
				CLANG_WARN_OBJC_LITERAL_CONVERSION = YES;
				CLANG_WARN_OBJC_ROOT_CLASS = YES_ERROR;
				CLANG_WARN_QUOTED_INCLUDE_IN_FRAMEWORK_HEADER = YES;
				CLANG_WARN_RANGE_LOOP_ANALYSIS = YES;
				CLANG_WARN_STRICT_PROTOTYPES = YES;
				CLANG_WARN_SUSPICIOUS_MOVE = YES;
				CLANG_WARN_UNGUARDED_AVAILABILITY = YES_AGGRESSIVE;
				CLANG_WARN_UNREACHABLE_CODE = YES;
				CLANG_WARN__DUPLICATE_METHOD_MATCH = YES;
				COPY_PHASE_STRIP = NO;
				DEBUG_INFORMATION_FORMAT = dwarf;
				ENABLE_STRICT_OBJC_MSGSEND = YES;
				ENABLE_TESTABILITY = YES;
				GCC_C_LANGUAGE_STANDARD = gnu11;
				GCC_DYNAMIC_NO_PIC = NO;
				GCC_NO_COMMON_BLOCKS = YES;
				GCC_OPTIMIZATION_LEVEL = 0;
				GCC_PREPROCESSOR_DEFINITIONS = (
					"DEBUG=1",
					"$(inherited)",
				);
				GCC_WARN_64_TO_32_BIT_CONVERSION = YES;
				GCC_WARN_ABOUT_RETURN_TYPE = YES_ERROR;
				GCC_WARN_UNDECLARED_SELECTOR = YES;
				GCC_WARN_UNINITIALIZED_AUTOS = YES_AGGRESSIVE;
				GCC_WARN_UNUSED_FUNCTION = YES;
				GCC_WARN_UNUSED_VARIABLE = YES;
				IPHONEOS_DEPLOYMENT_TARGET = 15.5;
				MTL_ENABLE_DEBUG_INFO = INCLUDE_SOURCE;
				MTL_FAST_MATH = YES;
				ONLY_ACTIVE_ARCH = YES;
				SDKROOT = iphoneos;
				SWIFT_ACTIVE_COMPILATION_CONDITIONS = DEBUG;
				SWIFT_OPTIMIZATION_LEVEL = "-Onone";
			};
			name = Debug;
		};
		517DD8282924406B0054B51B /* Release */ = {
			isa = XCBuildConfiguration;
			buildSettings = {
				ALWAYS_SEARCH_USER_PATHS = NO;
				CLANG_ANALYZER_NONNULL = YES;
				CLANG_ANALYZER_NUMBER_OBJECT_CONVERSION = YES_AGGRESSIVE;
				CLANG_CXX_LANGUAGE_STANDARD = "gnu++17";
				CLANG_ENABLE_MODULES = YES;
				CLANG_ENABLE_OBJC_ARC = YES;
				CLANG_ENABLE_OBJC_WEAK = YES;
				CLANG_WARN_BLOCK_CAPTURE_AUTORELEASING = YES;
				CLANG_WARN_BOOL_CONVERSION = YES;
				CLANG_WARN_COMMA = YES;
				CLANG_WARN_CONSTANT_CONVERSION = YES;
				CLANG_WARN_DEPRECATED_OBJC_IMPLEMENTATIONS = YES;
				CLANG_WARN_DIRECT_OBJC_ISA_USAGE = YES_ERROR;
				CLANG_WARN_DOCUMENTATION_COMMENTS = YES;
				CLANG_WARN_EMPTY_BODY = YES;
				CLANG_WARN_ENUM_CONVERSION = YES;
				CLANG_WARN_INFINITE_RECURSION = YES;
				CLANG_WARN_INT_CONVERSION = YES;
				CLANG_WARN_NON_LITERAL_NULL_CONVERSION = YES;
				CLANG_WARN_OBJC_IMPLICIT_RETAIN_SELF = YES;
				CLANG_WARN_OBJC_LITERAL_CONVERSION = YES;
				CLANG_WARN_OBJC_ROOT_CLASS = YES_ERROR;
				CLANG_WARN_QUOTED_INCLUDE_IN_FRAMEWORK_HEADER = YES;
				CLANG_WARN_RANGE_LOOP_ANALYSIS = YES;
				CLANG_WARN_STRICT_PROTOTYPES = YES;
				CLANG_WARN_SUSPICIOUS_MOVE = YES;
				CLANG_WARN_UNGUARDED_AVAILABILITY = YES_AGGRESSIVE;
				CLANG_WARN_UNREACHABLE_CODE = YES;
				CLANG_WARN__DUPLICATE_METHOD_MATCH = YES;
				COPY_PHASE_STRIP = NO;
				DEBUG_INFORMATION_FORMAT = "dwarf-with-dsym";
				ENABLE_NS_ASSERTIONS = NO;
				ENABLE_STRICT_OBJC_MSGSEND = YES;
				GCC_C_LANGUAGE_STANDARD = gnu11;
				GCC_NO_COMMON_BLOCKS = YES;
				GCC_WARN_64_TO_32_BIT_CONVERSION = YES;
				GCC_WARN_ABOUT_RETURN_TYPE = YES_ERROR;
				GCC_WARN_UNDECLARED_SELECTOR = YES;
				GCC_WARN_UNINITIALIZED_AUTOS = YES_AGGRESSIVE;
				GCC_WARN_UNUSED_FUNCTION = YES;
				GCC_WARN_UNUSED_VARIABLE = YES;
				IPHONEOS_DEPLOYMENT_TARGET = 15.5;
				MTL_ENABLE_DEBUG_INFO = NO;
				MTL_FAST_MATH = YES;
				SDKROOT = iphoneos;
				SWIFT_COMPILATION_MODE = wholemodule;
				SWIFT_OPTIMIZATION_LEVEL = "-O";
				VALIDATE_PRODUCT = YES;
			};
			name = Release;
		};
		517DD82A2924406B0054B51B /* Debug */ = {
			isa = XCBuildConfiguration;
			baseConfigurationReference = 5E8CEBC09C81DDB3511EE8A8 /* Pods-SwiftArquiteturas.debug.xcconfig */;
			buildSettings = {
				ASSETCATALOG_COMPILER_APPICON_NAME = AppIcon;
				ASSETCATALOG_COMPILER_GLOBAL_ACCENT_COLOR_NAME = AccentColor;
				CODE_SIGN_STYLE = Automatic;
				CURRENT_PROJECT_VERSION = 1;
				GENERATE_INFOPLIST_FILE = YES;
				INFOPLIST_FILE = SwiftArquiteturas/Info.plist;
				INFOPLIST_KEY_UIApplicationSupportsIndirectInputEvents = YES;
				INFOPLIST_KEY_UILaunchStoryboardName = LaunchScreen;
				INFOPLIST_KEY_UIMainStoryboardFile = Main;
				INFOPLIST_KEY_UISupportedInterfaceOrientations_iPad = "UIInterfaceOrientationPortrait UIInterfaceOrientationPortraitUpsideDown UIInterfaceOrientationLandscapeLeft UIInterfaceOrientationLandscapeRight";
				INFOPLIST_KEY_UISupportedInterfaceOrientations_iPhone = "UIInterfaceOrientationPortrait UIInterfaceOrientationLandscapeLeft UIInterfaceOrientationLandscapeRight";
				LD_RUNPATH_SEARCH_PATHS = (
					"$(inherited)",
					"@executable_path/Frameworks",
				);
				MARKETING_VERSION = 1.0;
				PRODUCT_BUNDLE_IDENTIFIER = com.gilmarjr.SwiftArquiteturas;
				PRODUCT_NAME = "$(TARGET_NAME)";
				SWIFT_EMIT_LOC_STRINGS = YES;
				SWIFT_VERSION = 5.0;
				TARGETED_DEVICE_FAMILY = "1,2";
			};
			name = Debug;
		};
		517DD82B2924406B0054B51B /* Release */ = {
			isa = XCBuildConfiguration;
			baseConfigurationReference = 12979C9CAFE7474E6A7442C0 /* Pods-SwiftArquiteturas.release.xcconfig */;
			buildSettings = {
				ASSETCATALOG_COMPILER_APPICON_NAME = AppIcon;
				ASSETCATALOG_COMPILER_GLOBAL_ACCENT_COLOR_NAME = AccentColor;
				CODE_SIGN_STYLE = Automatic;
				CURRENT_PROJECT_VERSION = 1;
				GENERATE_INFOPLIST_FILE = YES;
				INFOPLIST_FILE = SwiftArquiteturas/Info.plist;
				INFOPLIST_KEY_UIApplicationSupportsIndirectInputEvents = YES;
				INFOPLIST_KEY_UILaunchStoryboardName = LaunchScreen;
				INFOPLIST_KEY_UIMainStoryboardFile = Main;
				INFOPLIST_KEY_UISupportedInterfaceOrientations_iPad = "UIInterfaceOrientationPortrait UIInterfaceOrientationPortraitUpsideDown UIInterfaceOrientationLandscapeLeft UIInterfaceOrientationLandscapeRight";
				INFOPLIST_KEY_UISupportedInterfaceOrientations_iPhone = "UIInterfaceOrientationPortrait UIInterfaceOrientationLandscapeLeft UIInterfaceOrientationLandscapeRight";
				LD_RUNPATH_SEARCH_PATHS = (
					"$(inherited)",
					"@executable_path/Frameworks",
				);
				MARKETING_VERSION = 1.0;
				PRODUCT_BUNDLE_IDENTIFIER = com.gilmarjr.SwiftArquiteturas;
				PRODUCT_NAME = "$(TARGET_NAME)";
				SWIFT_EMIT_LOC_STRINGS = YES;
				SWIFT_VERSION = 5.0;
				TARGETED_DEVICE_FAMILY = "1,2";
			};
			name = Release;
		};
/* End XCBuildConfiguration section */

/* Begin XCConfigurationList section */
		517DD8102924405E0054B51B /* Build configuration list for PBXProject "SwiftArquiteturas" */ = {
			isa = XCConfigurationList;
			buildConfigurations = (
				517DD8272924406B0054B51B /* Debug */,
				517DD8282924406B0054B51B /* Release */,
			);
			defaultConfigurationIsVisible = 0;
			defaultConfigurationName = Release;
		};
		517DD8292924406B0054B51B /* Build configuration list for PBXNativeTarget "SwiftArquiteturas" */ = {
			isa = XCConfigurationList;
			buildConfigurations = (
				517DD82A2924406B0054B51B /* Debug */,
				517DD82B2924406B0054B51B /* Release */,
			);
			defaultConfigurationIsVisible = 0;
			defaultConfigurationName = Release;
		};
/* End XCConfigurationList section */
	};
	rootObject = 517DD80D2924405E0054B51B /* Project object */;
}
